
Microsoft Visual Studio Solution File, Format Version 12.00
# Visual Studio Version 16
VisualStudioVersion = 16.0.30717.126
MinimumVisualStudioVersion = 10.0.40219.1
Project("{9A19103F-16F7-4668-BE54-9A1E7A4F7556}") = "Valuator", "Valuator.csproj", "{A257D1BE-0040-4BDD-9987-EE387BAF4B85}"
EndProject
Project("{FAE04EC0-301F-11D3-BF4B-00C04F79EFBC}") = "RankCalculator", "..\RankCalculator\RankCalculator.csproj", "{0C0085F2-C435-41ED-AAE4-DE7BB93201DB}"
EndProject
Project("{9A19103F-16F7-4668-BE54-9A1E7A4F7556}") = "Library", "..\Library\Library.csproj", "{385C891E-6709-4CA3-ADAB-29EEE503076B}"
EndProject
Global
	GlobalSection(SolutionConfigurationPlatforms) = preSolution
		Debug|Any CPU = Debug|Any CPU
		Release|Any CPU = Release|Any CPU
	EndGlobalSection
	GlobalSection(ProjectConfigurationPlatforms) = postSolution
		{A257D1BE-0040-4BDD-9987-EE387BAF4B85}.Debug|Any CPU.ActiveCfg = Debug|Any CPU
		{A257D1BE-0040-4BDD-9987-EE387BAF4B85}.Debug|Any CPU.Build.0 = Debug|Any CPU
		{A257D1BE-0040-4BDD-9987-EE387BAF4B85}.Release|Any CPU.ActiveCfg = Release|Any CPU
		{A257D1BE-0040-4BDD-9987-EE387BAF4B85}.Release|Any CPU.Build.0 = Release|Any CPU
		{0C0085F2-C435-41ED-AAE4-DE7BB93201DB}.Debug|Any CPU.ActiveCfg = Debug|Any CPU
		{0C0085F2-C435-41ED-AAE4-DE7BB93201DB}.Debug|Any CPU.Build.0 = Debug|Any CPU
		{0C0085F2-C435-41ED-AAE4-DE7BB93201DB}.Release|Any CPU.ActiveCfg = Release|Any CPU
		{0C0085F2-C435-41ED-AAE4-DE7BB93201DB}.Release|Any CPU.Build.0 = Release|Any CPU
		{385C891E-6709-4CA3-ADAB-29EEE503076B}.Debug|Any CPU.ActiveCfg = Debug|Any CPU
		{385C891E-6709-4CA3-ADAB-29EEE503076B}.Debug|Any CPU.Build.0 = Debug|Any CPU
		{385C891E-6709-4CA3-ADAB-29EEE503076B}.Release|Any CPU.ActiveCfg = Release|Any CPU
		{385C891E-6709-4CA3-ADAB-29EEE503076B}.Release|Any CPU.Build.0 = Release|Any CPU
	EndGlobalSection
	GlobalSection(SolutionProperties) = preSolution
		HideSolutionNode = FALSE
	EndGlobalSection
	GlobalSection(ExtensibilityGlobals) = postSolution
		SolutionGuid = {3170F162-E18F-42F9-BE71-EA0663ACF612}
	EndGlobalSection
EndGlobal
